
Microsoft Visual Studio Solution File, Format Version 12.00
# Visual Studio 15
VisualStudioVersion = 15.0.26124.0
MinimumVisualStudioVersion = 15.0.26124.0
Project("{FAE04EC0-301F-11D3-BF4B-00C04F79EFBC}") = "detect", "detect\detect.csproj", "{3C574DDC-891B-4CB5-895A-D96AA2D90484}"
EndProject
Project("{FAE04EC0-301F-11D3-BF4B-00C04F79EFBC}") = "supply", "supply\supply.csproj", "{0813798C-E6B2-46CD-AD75-A5CA3644B8D9}"
EndProject
Project("{FAE04EC0-301F-11D3-BF4B-00C04F79EFBC}") = "finalize", "finalize\finalize.csproj", "{A4317CD5-F791-4ECE-AB19-7F13559447FE}"
EndProject
Project("{FAE04EC0-301F-11D3-BF4B-00C04F79EFBC}") = "release", "release\release.csproj", "{997A2FB5-9DEE-44FB-823C-AE8AA9B0A408}"
EndProject
Global
	GlobalSection(SolutionConfigurationPlatforms) = preSolution
		Debug|Any CPU = Debug|Any CPU
		Debug|x64 = Debug|x64
		Debug|x86 = Debug|x86
		Release|Any CPU = Release|Any CPU
		Release|x64 = Release|x64
		Release|x86 = Release|x86
	EndGlobalSection
	GlobalSection(SolutionProperties) = preSolution
		HideSolutionNode = FALSE
	EndGlobalSection
	GlobalSection(ProjectConfigurationPlatforms) = postSolution
		{3C574DDC-891B-4CB5-895A-D96AA2D90484}.Debug|Any CPU.ActiveCfg = Debug|Any CPU
		{3C574DDC-891B-4CB5-895A-D96AA2D90484}.Debug|Any CPU.Build.0 = Debug|Any CPU
		{3C574DDC-891B-4CB5-895A-D96AA2D90484}.Debug|x64.ActiveCfg = Debug|Any CPU
		{3C574DDC-891B-4CB5-895A-D96AA2D90484}.Debug|x64.Build.0 = Debug|Any CPU
		{3C574DDC-891B-4CB5-895A-D96AA2D90484}.Debug|x86.ActiveCfg = Debug|Any CPU
		{3C574DDC-891B-4CB5-895A-D96AA2D90484}.Debug|x86.Build.0 = Debug|Any CPU
		{3C574DDC-891B-4CB5-895A-D96AA2D90484}.Release|Any CPU.ActiveCfg = Release|Any CPU
		{3C574DDC-891B-4CB5-895A-D96AA2D90484}.Release|Any CPU.Build.0 = Release|Any CPU
		{3C574DDC-891B-4CB5-895A-D96AA2D90484}.Release|x64.ActiveCfg = Release|Any CPU
		{3C574DDC-891B-4CB5-895A-D96AA2D90484}.Release|x64.Build.0 = Release|Any CPU
		{3C574DDC-891B-4CB5-895A-D96AA2D90484}.Release|x86.ActiveCfg = Release|Any CPU
		{3C574DDC-891B-4CB5-895A-D96AA2D90484}.Release|x86.Build.0 = Release|Any CPU
		{0813798C-E6B2-46CD-AD75-A5CA3644B8D9}.Debug|Any CPU.ActiveCfg = Debug|Any CPU
		{0813798C-E6B2-46CD-AD75-A5CA3644B8D9}.Debug|Any CPU.Build.0 = Debug|Any CPU
		{0813798C-E6B2-46CD-AD75-A5CA3644B8D9}.Debug|x64.ActiveCfg = Debug|Any CPU
		{0813798C-E6B2-46CD-AD75-A5CA3644B8D9}.Debug|x64.Build.0 = Debug|Any CPU
		{0813798C-E6B2-46CD-AD75-A5CA3644B8D9}.Debug|x86.ActiveCfg = Debug|Any CPU
		{0813798C-E6B2-46CD-AD75-A5CA3644B8D9}.Debug|x86.Build.0 = Debug|Any CPU
		{0813798C-E6B2-46CD-AD75-A5CA3644B8D9}.Release|Any CPU.ActiveCfg = Release|Any CPU
		{0813798C-E6B2-46CD-AD75-A5CA3644B8D9}.Release|Any CPU.Build.0 = Release|Any CPU
		{0813798C-E6B2-46CD-AD75-A5CA3644B8D9}.Release|x64.ActiveCfg = Release|Any CPU
		{0813798C-E6B2-46CD-AD75-A5CA3644B8D9}.Release|x64.Build.0 = Release|Any CPU
		{0813798C-E6B2-46CD-AD75-A5CA3644B8D9}.Release|x86.ActiveCfg = Release|Any CPU
		{0813798C-E6B2-46CD-AD75-A5CA3644B8D9}.Release|x86.Build.0 = Release|Any CPU
		{A4317CD5-F791-4ECE-AB19-7F13559447FE}.Debug|Any CPU.ActiveCfg = Debug|Any CPU
		{A4317CD5-F791-4ECE-AB19-7F13559447FE}.Debug|Any CPU.Build.0 = Debug|Any CPU
		{A4317CD5-F791-4ECE-AB19-7F13559447FE}.Debug|x64.ActiveCfg = Debug|Any CPU
		{A4317CD5-F791-4ECE-AB19-7F13559447FE}.Debug|x64.Build.0 = Debug|Any CPU
		{A4317CD5-F791-4ECE-AB19-7F13559447FE}.Debug|x86.ActiveCfg = Debug|Any CPU
		{A4317CD5-F791-4ECE-AB19-7F13559447FE}.Debug|x86.Build.0 = Debug|Any CPU
		{A4317CD5-F791-4ECE-AB19-7F13559447FE}.Release|Any CPU.ActiveCfg = Release|Any CPU
		{A4317CD5-F791-4ECE-AB19-7F13559447FE}.Release|Any CPU.Build.0 = Release|Any CPU
		{A4317CD5-F791-4ECE-AB19-7F13559447FE}.Release|x64.ActiveCfg = Release|Any CPU
		{A4317CD5-F791-4ECE-AB19-7F13559447FE}.Release|x64.Build.0 = Release|Any CPU
		{A4317CD5-F791-4ECE-AB19-7F13559447FE}.Release|x86.ActiveCfg = Release|Any CPU
		{A4317CD5-F791-4ECE-AB19-7F13559447FE}.Release|x86.Build.0 = Release|Any CPU
		{997A2FB5-9DEE-44FB-823C-AE8AA9B0A408}.Debug|Any CPU.ActiveCfg = Debug|Any CPU
		{997A2FB5-9DEE-44FB-823C-AE8AA9B0A408}.Debug|Any CPU.Build.0 = Debug|Any CPU
		{997A2FB5-9DEE-44FB-823C-AE8AA9B0A408}.Debug|x64.ActiveCfg = Debug|Any CPU
		{997A2FB5-9DEE-44FB-823C-AE8AA9B0A408}.Debug|x64.Build.0 = Debug|Any CPU
		{997A2FB5-9DEE-44FB-823C-AE8AA9B0A408}.Debug|x86.ActiveCfg = Debug|Any CPU
		{997A2FB5-9DEE-44FB-823C-AE8AA9B0A408}.Debug|x86.Build.0 = Debug|Any CPU
		{997A2FB5-9DEE-44FB-823C-AE8AA9B0A408}.Release|Any CPU.ActiveCfg = Release|Any CPU
		{997A2FB5-9DEE-44FB-823C-AE8AA9B0A408}.Release|Any CPU.Build.0 = Release|Any CPU
		{997A2FB5-9DEE-44FB-823C-AE8AA9B0A408}.Release|x64.ActiveCfg = Release|Any CPU
		{997A2FB5-9DEE-44FB-823C-AE8AA9B0A408}.Release|x64.Build.0 = Release|Any CPU
		{997A2FB5-9DEE-44FB-823C-AE8AA9B0A408}.Release|x86.ActiveCfg = Release|Any CPU
		{997A2FB5-9DEE-44FB-823C-AE8AA9B0A408}.Release|x86.Build.0 = Release|Any CPU
	EndGlobalSection
EndGlobal
